
Microsoft Visual Studio Solution File, Format Version 12.00
# Visual Studio Version 17
VisualStudioVersion = 17.3.32811.315
MinimumVisualStudioVersion = 10.0.40219.1
Project("{9A19103F-16F7-4668-BE54-9A1E7A4F7556}") = "DevFreela.API", "DevFreela.API\DevFreela.API.csproj", "{032BD556-DCF3-43F8-A914-9A1F2B6C02B7}"
EndProject
Project("{9A19103F-16F7-4668-BE54-9A1E7A4F7556}") = "DevFreela.Core", "DevFreela.Core\DevFreela.Core.csproj", "{BCF9AF34-9C2D-447F-93DA-786D5C876780}"
EndProject
Project("{9A19103F-16F7-4668-BE54-9A1E7A4F7556}") = "DevFreela.Infrastructure", "DevFreela.Infrastructure\DevFreela.Infrastructure.csproj", "{8E7EFAE8-7192-4E57-B6BC-A83FCF870036}"
EndProject
Project("{FAE04EC0-301F-11D3-BF4B-00C04F79EFBC}") = "DevFreela.Application", "DevFreela.Application\DevFreela.Application.csproj", "{D219A509-B1E1-42BA-B1BE-1455149DA742}"
EndProject
Project("{FAE04EC0-301F-11D3-BF4B-00C04F79EFBC}") = "DevFreela.UnitTests", "DevFreela.UnitTests\DevFreela.UnitTests.csproj", "{2CBB3E68-2719-4E29-B124-7A73ADA51348}"
EndProject
Global
	GlobalSection(SolutionConfigurationPlatforms) = preSolution
		Debug|Any CPU = Debug|Any CPU
		Release|Any CPU = Release|Any CPU
	EndGlobalSection
	GlobalSection(ProjectConfigurationPlatforms) = postSolution
		{032BD556-DCF3-43F8-A914-9A1F2B6C02B7}.Debug|Any CPU.ActiveCfg = Debug|Any CPU
		{032BD556-DCF3-43F8-A914-9A1F2B6C02B7}.Debug|Any CPU.Build.0 = Debug|Any CPU
		{032BD556-DCF3-43F8-A914-9A1F2B6C02B7}.Release|Any CPU.ActiveCfg = Release|Any CPU
		{032BD556-DCF3-43F8-A914-9A1F2B6C02B7}.Release|Any CPU.Build.0 = Release|Any CPU
		{BCF9AF34-9C2D-447F-93DA-786D5C876780}.Debug|Any CPU.ActiveCfg = Debug|Any CPU
		{BCF9AF34-9C2D-447F-93DA-786D5C876780}.Debug|Any CPU.Build.0 = Debug|Any CPU
		{BCF9AF34-9C2D-447F-93DA-786D5C876780}.Release|Any CPU.ActiveCfg = Release|Any CPU
		{BCF9AF34-9C2D-447F-93DA-786D5C876780}.Release|Any CPU.Build.0 = Release|Any CPU
		{8E7EFAE8-7192-4E57-B6BC-A83FCF870036}.Debug|Any CPU.ActiveCfg = Debug|Any CPU
		{8E7EFAE8-7192-4E57-B6BC-A83FCF870036}.Debug|Any CPU.Build.0 = Debug|Any CPU
		{8E7EFAE8-7192-4E57-B6BC-A83FCF870036}.Release|Any CPU.ActiveCfg = Release|Any CPU
		{8E7EFAE8-7192-4E57-B6BC-A83FCF870036}.Release|Any CPU.Build.0 = Release|Any CPU
		{D219A509-B1E1-42BA-B1BE-1455149DA742}.Debug|Any CPU.ActiveCfg = Debug|Any CPU
		{D219A509-B1E1-42BA-B1BE-1455149DA742}.Debug|Any CPU.Build.0 = Debug|Any CPU
		{D219A509-B1E1-42BA-B1BE-1455149DA742}.Release|Any CPU.ActiveCfg = Release|Any CPU
		{D219A509-B1E1-42BA-B1BE-1455149DA742}.Release|Any CPU.Build.0 = Release|Any CPU
		{2CBB3E68-2719-4E29-B124-7A73ADA51348}.Debug|Any CPU.ActiveCfg = Debug|Any CPU
		{2CBB3E68-2719-4E29-B124-7A73ADA51348}.Debug|Any CPU.Build.0 = Debug|Any CPU
		{2CBB3E68-2719-4E29-B124-7A73ADA51348}.Release|Any CPU.ActiveCfg = Release|Any CPU
		{2CBB3E68-2719-4E29-B124-7A73ADA51348}.Release|Any CPU.Build.0 = Release|Any CPU
	EndGlobalSection
	GlobalSection(SolutionProperties) = preSolution
		HideSolutionNode = FALSE
	EndGlobalSection
	GlobalSection(ExtensibilityGlobals) = postSolution
		SolutionGuid = {64577084-DDA5-4673-8E45-C7B574145A34}
	EndGlobalSection
EndGlobal
